
Microsoft Visual Studio Solution File, Format Version 12.00
# Visual Studio Version 16
VisualStudioVersion = 16.0.31205.134
MinimumVisualStudioVersion = 10.0.40219.1
Project("{FAE04EC0-301F-11D3-BF4B-00C04F79EFBC}") = "LibraryManagementSystem.Web", "LibraryManagementSystem.Web\LibraryManagementSystem.Web.csproj", "{D06DE4C3-692F-4B0E-BB95-05EC6205D5CA}"
EndProject
Project("{FAE04EC0-301F-11D3-BF4B-00C04F79EFBC}") = "LibraryManagementSystem.Reading", "LibraryManagementSystem.Reading\LibraryManagementSystem.Reading.csproj", "{4AEDF2D4-BDA3-4654-A7CF-02DA519D9B68}"
EndProject
Project("{FAE04EC0-301F-11D3-BF4B-00C04F79EFBC}") = "LibraryManagementSystem.Data", "LibraryManagementSystem.Data\LibraryManagementSystem.Data.csproj", "{843767CF-0DB0-4D25-B885-827ED89C71CB}"
EndProject
Global
	GlobalSection(SolutionConfigurationPlatforms) = preSolution
		Debug|Any CPU = Debug|Any CPU
		Release|Any CPU = Release|Any CPU
	EndGlobalSection
	GlobalSection(ProjectConfigurationPlatforms) = postSolution
		{D06DE4C3-692F-4B0E-BB95-05EC6205D5CA}.Debug|Any CPU.ActiveCfg = Debug|Any CPU
		{D06DE4C3-692F-4B0E-BB95-05EC6205D5CA}.Debug|Any CPU.Build.0 = Debug|Any CPU
		{D06DE4C3-692F-4B0E-BB95-05EC6205D5CA}.Release|Any CPU.ActiveCfg = Release|Any CPU
		{D06DE4C3-692F-4B0E-BB95-05EC6205D5CA}.Release|Any CPU.Build.0 = Release|Any CPU
		{4AEDF2D4-BDA3-4654-A7CF-02DA519D9B68}.Debug|Any CPU.ActiveCfg = Debug|Any CPU
		{4AEDF2D4-BDA3-4654-A7CF-02DA519D9B68}.Debug|Any CPU.Build.0 = Debug|Any CPU
		{4AEDF2D4-BDA3-4654-A7CF-02DA519D9B68}.Release|Any CPU.ActiveCfg = Release|Any CPU
		{4AEDF2D4-BDA3-4654-A7CF-02DA519D9B68}.Release|Any CPU.Build.0 = Release|Any CPU
		{843767CF-0DB0-4D25-B885-827ED89C71CB}.Debug|Any CPU.ActiveCfg = Debug|Any CPU
		{843767CF-0DB0-4D25-B885-827ED89C71CB}.Debug|Any CPU.Build.0 = Debug|Any CPU
		{843767CF-0DB0-4D25-B885-827ED89C71CB}.Release|Any CPU.ActiveCfg = Release|Any CPU
		{843767CF-0DB0-4D25-B885-827ED89C71CB}.Release|Any CPU.Build.0 = Release|Any CPU
	EndGlobalSection
	GlobalSection(SolutionProperties) = preSolution
		HideSolutionNode = FALSE
	EndGlobalSection
	GlobalSection(ExtensibilityGlobals) = postSolution
		SolutionGuid = {08C837DC-74B9-44CC-AE1F-E7EAA39A2C42}
	EndGlobalSection
EndGlobal
