
Microsoft Visual Studio Solution File, Format Version 12.00
# Visual Studio Version 16
VisualStudioVersion = 16.0.31205.134
MinimumVisualStudioVersion = 10.0.40219.1
Project("{9A19103F-16F7-4668-BE54-9A1E7A4F7556}") = "Delegates", "Delegates\Delegates.csproj", "{8365CAB3-1DE9-43E8-BFCA-8600AF6ED893}"
EndProject
Project("{FAE04EC0-301F-11D3-BF4B-00C04F79EFBC}") = "Events", "Events\Events.csproj", "{A3EA2FEA-8741-4652-B2CA-8A727276D844}"
EndProject
Project("{FAE04EC0-301F-11D3-BF4B-00C04F79EFBC}") = "Reflection", "Reflection\Reflection.csproj", "{BE5F11E4-F5B0-48E4-918C-22F944C383B5}"
EndProject
Global
	GlobalSection(SolutionConfigurationPlatforms) = preSolution
		Debug|Any CPU = Debug|Any CPU
		Release|Any CPU = Release|Any CPU
	EndGlobalSection
	GlobalSection(ProjectConfigurationPlatforms) = postSolution
		{8365CAB3-1DE9-43E8-BFCA-8600AF6ED893}.Debug|Any CPU.ActiveCfg = Debug|Any CPU
		{8365CAB3-1DE9-43E8-BFCA-8600AF6ED893}.Debug|Any CPU.Build.0 = Debug|Any CPU
		{8365CAB3-1DE9-43E8-BFCA-8600AF6ED893}.Release|Any CPU.ActiveCfg = Release|Any CPU
		{8365CAB3-1DE9-43E8-BFCA-8600AF6ED893}.Release|Any CPU.Build.0 = Release|Any CPU
		{A3EA2FEA-8741-4652-B2CA-8A727276D844}.Debug|Any CPU.ActiveCfg = Debug|Any CPU
		{A3EA2FEA-8741-4652-B2CA-8A727276D844}.Debug|Any CPU.Build.0 = Debug|Any CPU
		{A3EA2FEA-8741-4652-B2CA-8A727276D844}.Release|Any CPU.ActiveCfg = Release|Any CPU
		{A3EA2FEA-8741-4652-B2CA-8A727276D844}.Release|Any CPU.Build.0 = Release|Any CPU
		{BE5F11E4-F5B0-48E4-918C-22F944C383B5}.Debug|Any CPU.ActiveCfg = Debug|Any CPU
		{BE5F11E4-F5B0-48E4-918C-22F944C383B5}.Debug|Any CPU.Build.0 = Debug|Any CPU
		{BE5F11E4-F5B0-48E4-918C-22F944C383B5}.Release|Any CPU.ActiveCfg = Release|Any CPU
		{BE5F11E4-F5B0-48E4-918C-22F944C383B5}.Release|Any CPU.Build.0 = Release|Any CPU
	EndGlobalSection
	GlobalSection(SolutionProperties) = preSolution
		HideSolutionNode = FALSE
	EndGlobalSection
	GlobalSection(ExtensibilityGlobals) = postSolution
		SolutionGuid = {4D74512D-FAE4-47B3-A080-2D852494556A}
	EndGlobalSection
EndGlobal
