
Microsoft Visual Studio Solution File, Format Version 12.00
# Visual Studio Version 16
VisualStudioVersion = 16.0.31205.134
MinimumVisualStudioVersion = 10.0.40219.1
Project("{FAE04EC0-301F-11D3-BF4B-00C04F79EFBC}") = "DataImporter.Web", "DataImporter.Web\DataImporter.Web.csproj", "{A983B29F-D336-48F4-A69A-89FFABD5395E}"
EndProject
Project("{FAE04EC0-301F-11D3-BF4B-00C04F79EFBC}") = "DataImporter.Data", "DataImporter.Data\DataImporter.Data.csproj", "{9BF7820E-EE30-4B0B-9A7B-BEA8621D77CC}"
EndProject
Project("{FAE04EC0-301F-11D3-BF4B-00C04F79EFBC}") = "DataImporter.Importing", "DataImporter.Importing\DataImporter.Importing.csproj", "{2AC46F44-90FC-48D8-8C58-E9036725D986}"
EndProject
Project("{FAE04EC0-301F-11D3-BF4B-00C04F79EFBC}") = "DataImporter.Common", "DataImporter.Common\DataImporter.Common.csproj", "{39BE9550-61E9-43F3-B8D9-D907819CD3FF}"
EndProject
Global
	GlobalSection(SolutionConfigurationPlatforms) = preSolution
		Debug|Any CPU = Debug|Any CPU
		Release|Any CPU = Release|Any CPU
	EndGlobalSection
	GlobalSection(ProjectConfigurationPlatforms) = postSolution
		{A983B29F-D336-48F4-A69A-89FFABD5395E}.Debug|Any CPU.ActiveCfg = Debug|Any CPU
		{A983B29F-D336-48F4-A69A-89FFABD5395E}.Debug|Any CPU.Build.0 = Debug|Any CPU
		{A983B29F-D336-48F4-A69A-89FFABD5395E}.Release|Any CPU.ActiveCfg = Release|Any CPU
		{A983B29F-D336-48F4-A69A-89FFABD5395E}.Release|Any CPU.Build.0 = Release|Any CPU
		{9BF7820E-EE30-4B0B-9A7B-BEA8621D77CC}.Debug|Any CPU.ActiveCfg = Debug|Any CPU
		{9BF7820E-EE30-4B0B-9A7B-BEA8621D77CC}.Debug|Any CPU.Build.0 = Debug|Any CPU
		{9BF7820E-EE30-4B0B-9A7B-BEA8621D77CC}.Release|Any CPU.ActiveCfg = Release|Any CPU
		{9BF7820E-EE30-4B0B-9A7B-BEA8621D77CC}.Release|Any CPU.Build.0 = Release|Any CPU
		{2AC46F44-90FC-48D8-8C58-E9036725D986}.Debug|Any CPU.ActiveCfg = Debug|Any CPU
		{2AC46F44-90FC-48D8-8C58-E9036725D986}.Debug|Any CPU.Build.0 = Debug|Any CPU
		{2AC46F44-90FC-48D8-8C58-E9036725D986}.Release|Any CPU.ActiveCfg = Release|Any CPU
		{2AC46F44-90FC-48D8-8C58-E9036725D986}.Release|Any CPU.Build.0 = Release|Any CPU
		{39BE9550-61E9-43F3-B8D9-D907819CD3FF}.Debug|Any CPU.ActiveCfg = Debug|Any CPU
		{39BE9550-61E9-43F3-B8D9-D907819CD3FF}.Debug|Any CPU.Build.0 = Debug|Any CPU
		{39BE9550-61E9-43F3-B8D9-D907819CD3FF}.Release|Any CPU.ActiveCfg = Release|Any CPU
		{39BE9550-61E9-43F3-B8D9-D907819CD3FF}.Release|Any CPU.Build.0 = Release|Any CPU
	EndGlobalSection
	GlobalSection(SolutionProperties) = preSolution
		HideSolutionNode = FALSE
	EndGlobalSection
	GlobalSection(ExtensibilityGlobals) = postSolution
		SolutionGuid = {821DE323-4AD5-46B3-8EB5-6835FB80B18F}
	EndGlobalSection
EndGlobal
